
Microsoft Visual Studio Solution File, Format Version 12.00
# Visual Studio Version 17
VisualStudioVersion = 17.3.32901.215
MinimumVisualStudioVersion = 10.0.40219.1
Project("{9A19103F-16F7-4668-BE54-9A1E7A4F7556}") = "OFAD", "OFAD\OFAD.csproj", "{504A8BC3-DF91-4B90-9B25-BE9FBA248019}"
EndProject
Global
	GlobalSection(SolutionConfigurationPlatforms) = preSolution
		Debug|Any CPU = Debug|Any CPU
		Release|Any CPU = Release|Any CPU
	EndGlobalSection
	GlobalSection(ProjectConfigurationPlatforms) = postSolution
		{504A8BC3-DF91-4B90-9B25-BE9FBA248019}.Debug|Any CPU.ActiveCfg = Debug|Any CPU
		{504A8BC3-DF91-4B90-9B25-BE9FBA248019}.Debug|Any CPU.Build.0 = Debug|Any CPU
		{504A8BC3-DF91-4B90-9B25-BE9FBA248019}.Release|Any CPU.ActiveCfg = Release|Any CPU
		{504A8BC3-DF91-4B90-9B25-BE9FBA248019}.Release|Any CPU.Build.0 = Release|Any CPU
	EndGlobalSection
	GlobalSection(SolutionProperties) = preSolution
		HideSolutionNode = FALSE
	EndGlobalSection
	GlobalSection(ExtensibilityGlobals) = postSolution
		SolutionGuid = {72DD0CEC-8C86-43EB-8DB7-C589B02EE88D}
	EndGlobalSection
EndGlobal
